
Microsoft Visual Studio Solution File, Format Version 12.00
# Visual Studio Version 17
VisualStudioVersion = 17.0.32126.317
MinimumVisualStudioVersion = 10.0.40219.1
Project("{9A19103F-16F7-4668-BE54-9A1E7A4F7556}") = "SuperHeroApi", "SuperHeroApi\SuperHeroApi.csproj", "{060DE34E-25C9-49CE-89A4-C928C96CEAA7}"
EndProject
Project("{FAE04EC0-301F-11D3-BF4B-00C04F79EFBC}") = "AwiatAsynce", "AwiatAsynce\AwiatAsynce.csproj", "{CAF28AC6-0B69-493E-AAB1-55525732B2DE}"
EndProject
Global
	GlobalSection(SolutionConfigurationPlatforms) = preSolution
		Debug|Any CPU = Debug|Any CPU
		Release|Any CPU = Release|Any CPU
	EndGlobalSection
	GlobalSection(ProjectConfigurationPlatforms) = postSolution
		{060DE34E-25C9-49CE-89A4-C928C96CEAA7}.Debug|Any CPU.ActiveCfg = Debug|Any CPU
		{060DE34E-25C9-49CE-89A4-C928C96CEAA7}.Debug|Any CPU.Build.0 = Debug|Any CPU
		{060DE34E-25C9-49CE-89A4-C928C96CEAA7}.Release|Any CPU.ActiveCfg = Release|Any CPU
		{060DE34E-25C9-49CE-89A4-C928C96CEAA7}.Release|Any CPU.Build.0 = Release|Any CPU
		{CAF28AC6-0B69-493E-AAB1-55525732B2DE}.Debug|Any CPU.ActiveCfg = Debug|Any CPU
		{CAF28AC6-0B69-493E-AAB1-55525732B2DE}.Debug|Any CPU.Build.0 = Debug|Any CPU
		{CAF28AC6-0B69-493E-AAB1-55525732B2DE}.Release|Any CPU.ActiveCfg = Release|Any CPU
		{CAF28AC6-0B69-493E-AAB1-55525732B2DE}.Release|Any CPU.Build.0 = Release|Any CPU
	EndGlobalSection
	GlobalSection(SolutionProperties) = preSolution
		HideSolutionNode = FALSE
	EndGlobalSection
	GlobalSection(ExtensibilityGlobals) = postSolution
		SolutionGuid = {01473BD1-04DB-45F4-93CB-90C0BF4B547C}
	EndGlobalSection
EndGlobal
